# This file is automatically @generated by Cargo.
# It is not intended for manual editing.
version = 4

[[package]]
name = "cairo-m-compiler"
version = "0.1.1"
dependencies = [
 "cairo-m-compiler-parser",
]

[[package]]
name = "cairo-m-compiler-parser"
version = "0.1.0"

[[package]]
name = "cairo-m-prover"
version = "0.1.1"

[[package]]
name = "cairo-m-runner"
version = "0.1.1"
